
Microsoft Visual Studio Solution File, Format Version 12.00
# Visual Studio Version 17
VisualStudioVersion = 17.10.35013.160
MinimumVisualStudioVersion = 10.0.40219.1
Project("{FAE04EC0-301F-11D3-BF4B-00C04F79EFBC}") = "CalorieCounterGUI", "CalorieCounterGUI\CalorieCounterGUI.csproj", "{2EFE0477-B085-48E4-95F0-B3D37B645730}"
EndProject
Global
	GlobalSection(SolutionConfigurationPlatforms) = preSolution
		Debug|Any CPU = Debug|Any CPU
		Release|Any CPU = Release|Any CPU
	EndGlobalSection
	GlobalSection(ProjectConfigurationPlatforms) = postSolution
		{2EFE0477-B085-48E4-95F0-B3D37B645730}.Debug|Any CPU.ActiveCfg = Debug|Any CPU
		{2EFE0477-B085-48E4-95F0-B3D37B645730}.Debug|Any CPU.Build.0 = Debug|Any CPU
		{2EFE0477-B085-48E4-95F0-B3D37B645730}.Release|Any CPU.ActiveCfg = Release|Any CPU
		{2EFE0477-B085-48E4-95F0-B3D37B645730}.Release|Any CPU.Build.0 = Release|Any CPU
	EndGlobalSection
	GlobalSection(SolutionProperties) = preSolution
		HideSolutionNode = FALSE
	EndGlobalSection
	GlobalSection(ExtensibilityGlobals) = postSolution
		SolutionGuid = {1A001796-817B-429D-A0C7-4E9AEBD7AC29}
	EndGlobalSection
EndGlobal
